
Microsoft Visual Studio Solution File, Format Version 12.00
# Visual Studio 15
VisualStudioVersion = 15.0.28307.1267
MinimumVisualStudioVersion = 10.0.40219.1
Project("{FAE04EC0-301F-11D3-BF4B-00C04F79EFBC}") = "OKR2", "OKR2\OKR2.csproj", "{9F05A3BF-4CD8-4387-82E3-C2B7F33467E6}"
EndProject
Global
	GlobalSection(SolutionConfigurationPlatforms) = preSolution
		Debug|Any CPU = Debug|Any CPU
		Release|Any CPU = Release|Any CPU
	EndGlobalSection
	GlobalSection(ProjectConfigurationPlatforms) = postSolution
		{9F05A3BF-4CD8-4387-82E3-C2B7F33467E6}.Debug|Any CPU.ActiveCfg = Debug|Any CPU
		{9F05A3BF-4CD8-4387-82E3-C2B7F33467E6}.Debug|Any CPU.Build.0 = Debug|Any CPU
		{9F05A3BF-4CD8-4387-82E3-C2B7F33467E6}.Release|Any CPU.ActiveCfg = Release|Any CPU
		{9F05A3BF-4CD8-4387-82E3-C2B7F33467E6}.Release|Any CPU.Build.0 = Release|Any CPU
	EndGlobalSection
	GlobalSection(SolutionProperties) = preSolution
		HideSolutionNode = FALSE
	EndGlobalSection
	GlobalSection(ExtensibilityGlobals) = postSolution
		SolutionGuid = {B5EBD36A-F744-44D3-B3F5-43D725B0A78A}
	EndGlobalSection
EndGlobal
